
Microsoft Visual Studio Solution File, Format Version 12.00
# Visual Studio Version 16
VisualStudioVersion = 16.0.29001.49
MinimumVisualStudioVersion = 10.0.40219.1
Project("{FAE04EC0-301F-11D3-BF4B-00C04F79EFBC}") = "ActsConsoleKirill", "ActsConsoleKirill\ActsConsoleKirill.csproj", "{16B7CB65-9BD1-4406-B27C-EA3913ECC7C3}"
EndProject
Global
	GlobalSection(SolutionConfigurationPlatforms) = preSolution
		Debug|Any CPU = Debug|Any CPU
		Release|Any CPU = Release|Any CPU
	EndGlobalSection
	GlobalSection(ProjectConfigurationPlatforms) = postSolution
		{16B7CB65-9BD1-4406-B27C-EA3913ECC7C3}.Debug|Any CPU.ActiveCfg = Debug|Any CPU
		{16B7CB65-9BD1-4406-B27C-EA3913ECC7C3}.Debug|Any CPU.Build.0 = Debug|Any CPU
		{16B7CB65-9BD1-4406-B27C-EA3913ECC7C3}.Release|Any CPU.ActiveCfg = Release|Any CPU
		{16B7CB65-9BD1-4406-B27C-EA3913ECC7C3}.Release|Any CPU.Build.0 = Release|Any CPU
	EndGlobalSection
	GlobalSection(SolutionProperties) = preSolution
		HideSolutionNode = FALSE
	EndGlobalSection
	GlobalSection(ExtensibilityGlobals) = postSolution
		SolutionGuid = {66CEA05E-A5B6-4C86-A027-D2B564F1B0D2}
	EndGlobalSection
EndGlobal
